
Microsoft Visual Studio Solution File, Format Version 12.00
# Visual Studio Version 17
VisualStudioVersion = 17.4.33403.182
MinimumVisualStudioVersion = 10.0.40219.1
Project("{FAE04EC0-301F-11D3-BF4B-00C04F79EFBC}") = "LeaveManagement.Web", "LeaveManagement.Web\LeaveManagement.Web.csproj", "{9BB44259-E3F7-48FA-878C-180330CAE27B}"
EndProject
Global
	GlobalSection(SolutionConfigurationPlatforms) = preSolution
		Debug|Any CPU = Debug|Any CPU
		Release|Any CPU = Release|Any CPU
	EndGlobalSection
	GlobalSection(ProjectConfigurationPlatforms) = postSolution
		{9BB44259-E3F7-48FA-878C-180330CAE27B}.Debug|Any CPU.ActiveCfg = Debug|Any CPU
		{9BB44259-E3F7-48FA-878C-180330CAE27B}.Debug|Any CPU.Build.0 = Debug|Any CPU
		{9BB44259-E3F7-48FA-878C-180330CAE27B}.Release|Any CPU.ActiveCfg = Release|Any CPU
		{9BB44259-E3F7-48FA-878C-180330CAE27B}.Release|Any CPU.Build.0 = Release|Any CPU
	EndGlobalSection
	GlobalSection(SolutionProperties) = preSolution
		HideSolutionNode = FALSE
	EndGlobalSection
	GlobalSection(ExtensibilityGlobals) = postSolution
		SolutionGuid = {357E29A7-FB05-4770-8253-D990179C5869}
	EndGlobalSection
EndGlobal
